
Microsoft Visual Studio Solution File, Format Version 12.00
# Visual Studio Version 16
VisualStudioVersion = 16.0.30621.155
MinimumVisualStudioVersion = 10.0.40219.1
Project("{FAE04EC0-301F-11D3-BF4B-00C04F79EFBC}") = "gamesense", "gamesense\gamesense.csproj", "{AB766F78-E69B-4D14-B4AE-7B444980CE53}"
EndProject
Global
	GlobalSection(SolutionConfigurationPlatforms) = preSolution
		Debug|Any CPU = Debug|Any CPU
		Release|Any CPU = Release|Any CPU
	EndGlobalSection
	GlobalSection(ProjectConfigurationPlatforms) = postSolution
		{AB766F78-E69B-4D14-B4AE-7B444980CE53}.Debug|Any CPU.ActiveCfg = Debug|Any CPU
		{AB766F78-E69B-4D14-B4AE-7B444980CE53}.Debug|Any CPU.Build.0 = Debug|Any CPU
		{AB766F78-E69B-4D14-B4AE-7B444980CE53}.Release|Any CPU.ActiveCfg = Release|Any CPU
		{AB766F78-E69B-4D14-B4AE-7B444980CE53}.Release|Any CPU.Build.0 = Release|Any CPU
	EndGlobalSection
	GlobalSection(SolutionProperties) = preSolution
		HideSolutionNode = FALSE
	EndGlobalSection
	GlobalSection(ExtensibilityGlobals) = postSolution
		SolutionGuid = {C91907E2-A351-4BC1-9765-A1E45548C286}
	EndGlobalSection
EndGlobal
